
Microsoft Visual Studio Solution File, Format Version 12.00
# Visual Studio Version 17
VisualStudioVersion = 17.0.31903.59
MinimumVisualStudioVersion = 10.0.40219.1
Project("{FAE04EC0-301F-11D3-BF4B-00C04F79EFBC}") = "CommandStreet", "CommandStreet\CommandStreet.csproj", "{EFD30011-8AFB-4FA2-846B-D22C99BABC02}"
EndProject
Project("{FAE04EC0-301F-11D3-BF4B-00C04F79EFBC}") = "CommandStreet.Tests", "CommandStreet.Tests\CommandStreet.Tests.csproj", "{F2F7C54B-5432-492B-9CAF-AE1CC072567B}"
EndProject
Global
	GlobalSection(SolutionConfigurationPlatforms) = preSolution
		Debug|Any CPU = Debug|Any CPU
		Release|Any CPU = Release|Any CPU
	EndGlobalSection
	GlobalSection(SolutionProperties) = preSolution
		HideSolutionNode = FALSE
	EndGlobalSection
	GlobalSection(ProjectConfigurationPlatforms) = postSolution
		{EFD30011-8AFB-4FA2-846B-D22C99BABC02}.Debug|Any CPU.ActiveCfg = Debug|Any CPU
		{EFD30011-8AFB-4FA2-846B-D22C99BABC02}.Debug|Any CPU.Build.0 = Debug|Any CPU
		{EFD30011-8AFB-4FA2-846B-D22C99BABC02}.Release|Any CPU.ActiveCfg = Release|Any CPU
		{EFD30011-8AFB-4FA2-846B-D22C99BABC02}.Release|Any CPU.Build.0 = Release|Any CPU
		{F2F7C54B-5432-492B-9CAF-AE1CC072567B}.Debug|Any CPU.ActiveCfg = Debug|Any CPU
		{F2F7C54B-5432-492B-9CAF-AE1CC072567B}.Debug|Any CPU.Build.0 = Debug|Any CPU
		{F2F7C54B-5432-492B-9CAF-AE1CC072567B}.Release|Any CPU.ActiveCfg = Release|Any CPU
		{F2F7C54B-5432-492B-9CAF-AE1CC072567B}.Release|Any CPU.Build.0 = Release|Any CPU
	EndGlobalSection
EndGlobal
